
Microsoft Visual Studio Solution File, Format Version 12.00
# Visual Studio 14
VisualStudioVersion = 14.0.23107.0
MinimumVisualStudioVersion = 10.0.40219.1
Project("{FAE04EC0-301F-11D3-BF4B-00C04F79EFBC}") = "Gestures", "Gestures.csproj", "{2FF27EE7-D518-4878-8A07-7C1960B35B12}"
EndProject
Project("{FAE04EC0-301F-11D3-BF4B-00C04F79EFBC}") = "WindowsFormsApplication1", "..\תכנית לדוגמא\WindowsFormsApplication1.csproj", "{690FF6CC-4F0E-4A77-80E8-27A0C780FCE3}"
EndProject
Global
	GlobalSection(SolutionConfigurationPlatforms) = preSolution
		Debug|Any CPU = Debug|Any CPU
		Debug|x64 = Debug|x64
		Debug|x86 = Debug|x86
		Release|Any CPU = Release|Any CPU
		Release|x64 = Release|x64
		Release|x86 = Release|x86
	EndGlobalSection
	GlobalSection(ProjectConfigurationPlatforms) = postSolution
		{2FF27EE7-D518-4878-8A07-7C1960B35B12}.Debug|Any CPU.ActiveCfg = Debug|Any CPU
		{2FF27EE7-D518-4878-8A07-7C1960B35B12}.Debug|Any CPU.Build.0 = Debug|Any CPU
		{2FF27EE7-D518-4878-8A07-7C1960B35B12}.Debug|x64.ActiveCfg = Debug|Any CPU
		{2FF27EE7-D518-4878-8A07-7C1960B35B12}.Debug|x64.Build.0 = Debug|Any CPU
		{2FF27EE7-D518-4878-8A07-7C1960B35B12}.Debug|x86.ActiveCfg = Debug|Any CPU
		{2FF27EE7-D518-4878-8A07-7C1960B35B12}.Debug|x86.Build.0 = Debug|Any CPU
		{2FF27EE7-D518-4878-8A07-7C1960B35B12}.Release|Any CPU.ActiveCfg = Release|Any CPU
		{2FF27EE7-D518-4878-8A07-7C1960B35B12}.Release|Any CPU.Build.0 = Release|Any CPU
		{2FF27EE7-D518-4878-8A07-7C1960B35B12}.Release|x64.ActiveCfg = Release|Any CPU
		{2FF27EE7-D518-4878-8A07-7C1960B35B12}.Release|x64.Build.0 = Release|Any CPU
		{2FF27EE7-D518-4878-8A07-7C1960B35B12}.Release|x86.ActiveCfg = Release|Any CPU
		{2FF27EE7-D518-4878-8A07-7C1960B35B12}.Release|x86.Build.0 = Release|Any CPU
		{690FF6CC-4F0E-4A77-80E8-27A0C780FCE3}.Debug|Any CPU.ActiveCfg = Debug|Any CPU
		{690FF6CC-4F0E-4A77-80E8-27A0C780FCE3}.Debug|Any CPU.Build.0 = Debug|Any CPU
		{690FF6CC-4F0E-4A77-80E8-27A0C780FCE3}.Debug|x64.ActiveCfg = Debug|Any CPU
		{690FF6CC-4F0E-4A77-80E8-27A0C780FCE3}.Debug|x64.Build.0 = Debug|Any CPU
		{690FF6CC-4F0E-4A77-80E8-27A0C780FCE3}.Debug|x86.ActiveCfg = Debug|Any CPU
		{690FF6CC-4F0E-4A77-80E8-27A0C780FCE3}.Debug|x86.Build.0 = Debug|Any CPU
		{690FF6CC-4F0E-4A77-80E8-27A0C780FCE3}.Release|Any CPU.ActiveCfg = Release|Any CPU
		{690FF6CC-4F0E-4A77-80E8-27A0C780FCE3}.Release|Any CPU.Build.0 = Release|Any CPU
		{690FF6CC-4F0E-4A77-80E8-27A0C780FCE3}.Release|x64.ActiveCfg = Release|Any CPU
		{690FF6CC-4F0E-4A77-80E8-27A0C780FCE3}.Release|x64.Build.0 = Release|Any CPU
		{690FF6CC-4F0E-4A77-80E8-27A0C780FCE3}.Release|x86.ActiveCfg = Release|Any CPU
		{690FF6CC-4F0E-4A77-80E8-27A0C780FCE3}.Release|x86.Build.0 = Release|Any CPU
	EndGlobalSection
	GlobalSection(SolutionProperties) = preSolution
		HideSolutionNode = FALSE
	EndGlobalSection
EndGlobal
